# This file is automatically @generated by Cargo.
# It is not intended for manual editing.
version = 4

[[package]]
name = "block-buffer"
version = "0.9.0"
source = "registry+https://github.com/rust-lang/crates.io-index"
checksum = "4152116fd6e9dadb291ae18fc1ec3575ed6d84c29642d97890f4b4a3417297e4"
dependencies = [
 "generic-array",
]

[[package]]
name = "cfg-if"
version = "1.0.4"
source = "registry+https://github.com/rust-lang/crates.io-index"
checksum = "9330f8b2ff13f34540b44e946ef35111825727b38d33286ef986142615121801"

[[package]]
name = "cpufeatures"
version = "0.2.17"
source = "registry+https://github.com/rust-lang/crates.io-index"
checksum = "59ed5838eebb26a2bb2e58f6d5b5316989ae9d08bab10e0e6d103e656d1b0280"
dependencies = [
 "libc",
]

[[package]]
name = "create_type_spec_derive"
version = "0.5.0"
source = "git+https://git@gitlab.com/partisiablockchain/language/contract-sdk.git?tag=15.1.0#053a86e6149e1de6b82ecea919b339fc271bcfdc"
dependencies = [
 "derive_commons",
 "proc-macro2",
 "quote",
 "syn",
 "uuid",
]

[[package]]
name = "derive_commons"
version = "0.5.0"
source = "git+https://git@gitlab.com/partisiablockchain/language/contract-sdk.git?tag=15.1.0#053a86e6149e1de6b82ecea919b339fc271bcfdc"
dependencies = [
 "proc-macro2",
 "quote",
 "syn",
]

[[package]]
name = "digest"
version = "0.9.0"
source = "registry+https://github.com/rust-lang/crates.io-index"
checksum = "d3dd60d1080a57a05ab032377049e0591415d2b31afd7028356dbf3cc6dcb066"
dependencies = [
 "generic-array",
]

[[package]]
name = "generic-array"
version = "0.14.9"
source = "registry+https://github.com/rust-lang/crates.io-index"
checksum = "4bb6743198531e02858aeaea5398fcc883e71851fcbcb5a2f773e2fb6cb1edf2"
dependencies = [
 "typenum",
 "version_check",
]

[[package]]
name = "getrandom"
version = "0.2.17"
source = "registry+https://github.com/rust-lang/crates.io-index"
checksum = "ff2abc00be7fca6ebc474524697ae276ad847ad0a6b3faa4bcb027e9a4614ad0"
dependencies = [
 "cfg-if",
 "libc",
 "wasi",
]

[[package]]
name = "libc"
version = "0.2.182"
source = "registry+https://github.com/rust-lang/crates.io-index"
checksum = "6800badb6cb2082ffd7b6a67e6125bb39f18782f793520caee8cb8846be06112"

[[package]]
name = "opaque-debug"
version = "0.3.1"
source = "registry+https://github.com/rust-lang/crates.io-index"
checksum = "c08d65885ee38876c4f86fa503fb49d7b507c2b62552df7c70b2fce627e06381"

[[package]]
name = "pbc_contract_codegen"
version = "0.5.0"
source = "git+https://git@gitlab.com/partisiablockchain/language/contract-sdk.git?tag=15.1.0#053a86e6149e1de6b82ecea919b339fc271bcfdc"
dependencies = [
 "create_type_spec_derive",
 "pbc_contract_common",
 "pbc_external",
 "pbc_lib",
 "pbc_traits",
 "pbc_zk",
 "proc-macro2",
 "quote",
 "sha2",
 "syn",
]

[[package]]
name = "pbc_contract_common"
version = "0.5.0"
source = "git+https://git@gitlab.com/partisiablockchain/language/contract-sdk.git?tag=15.1.0#053a86e6149e1de6b82ecea919b339fc271bcfdc"
dependencies = [
 "create_type_spec_derive",
 "pbc_contract_core",
 "pbc_external",
 "pbc_traits",
 "quote",
 "read_write_rpc_derive",
 "read_write_state_derive",
]

[[package]]
name = "pbc_contract_core"
version = "0.5.0"
source = "git+https://git@gitlab.com/partisiablockchain/language/contract-sdk.git?tag=15.1.0#053a86e6149e1de6b82ecea919b339fc271bcfdc"
dependencies = [
 "pbc_traits",
 "pbc_zk",
 "read_write_rpc_derive",
 "read_write_state_derive",
 "sha2",
]

[[package]]
name = "pbc_external"
version = "0.5.0"
source = "git+https://git@gitlab.com/partisiablockchain/language/contract-sdk.git?tag=15.1.0#053a86e6149e1de6b82ecea919b339fc271bcfdc"

[[package]]
name = "pbc_lib"
version = "0.5.0"
source = "git+https://git@gitlab.com/partisiablockchain/language/contract-sdk.git?tag=15.1.0#053a86e6149e1de6b82ecea919b339fc271bcfdc"

[[package]]
name = "pbc_traits"
version = "0.5.0"
source = "git+https://git@gitlab.com/partisiablockchain/language/contract-sdk.git?tag=15.1.0#053a86e6149e1de6b82ecea919b339fc271bcfdc"
dependencies = [
 "pbc_zk",
 "quote",
]

[[package]]
name = "pbc_zk"
version = "0.5.0"
source = "git+https://git@gitlab.com/partisiablockchain/language/contract-sdk.git?tag=15.1.0#053a86e6149e1de6b82ecea919b339fc271bcfdc"
dependencies = [
 "pbc_zk_macros",
]

[[package]]
name = "pbc_zk_macros"
version = "0.5.0"
source = "git+https://git@gitlab.com/partisiablockchain/language/contract-sdk.git?tag=15.1.0#053a86e6149e1de6b82ecea919b339fc271bcfdc"
dependencies = [
 "derive_commons",
 "proc-macro2",
 "quote",
 "syn",
]

[[package]]
name = "proc-macro2"
version = "1.0.106"
source = "registry+https://github.com/rust-lang/crates.io-index"
checksum = "8fd00f0bb2e90d81d1044c2b32617f68fcb9fa3bb7640c23e9c748e53fb30934"
dependencies = [
 "unicode-ident",
]

[[package]]
name = "profila-mpc"
version = "0.1.0"
dependencies = [
 "create_type_spec_derive",
 "pbc_contract_codegen",
 "pbc_contract_common",
 "pbc_lib",
 "pbc_traits",
 "pbc_zk",
 "read_write_rpc_derive",
 "read_write_state_derive",
]

[[package]]
name = "quote"
version = "1.0.44"
source = "registry+https://github.com/rust-lang/crates.io-index"
checksum = "21b2ebcf727b7760c461f091f9f0f539b77b8e87f2fd88131e7f1b433b3cece4"
dependencies = [
 "proc-macro2",
]

[[package]]
name = "read_write_rpc_derive"
version = "0.5.0"
source = "git+https://git@gitlab.com/partisiablockchain/language/contract-sdk.git?tag=15.1.0#053a86e6149e1de6b82ecea919b339fc271bcfdc"
dependencies = [
 "derive_commons",
 "proc-macro2",
 "quote",
 "syn",
]

[[package]]
name = "read_write_state_derive"
version = "0.5.0"
source = "git+https://git@gitlab.com/partisiablockchain/language/contract-sdk.git?tag=15.1.0#053a86e6149e1de6b82ecea919b339fc271bcfdc"
dependencies = [
 "derive_commons",
 "proc-macro2",
 "quote",
 "syn",
]

[[package]]
name = "sha2"
version = "0.9.9"
source = "registry+https://github.com/rust-lang/crates.io-index"
checksum = "4d58a1e1bf39749807d89cf2d98ac2dfa0ff1cb3faa38fbb64dd88ac8013d800"
dependencies = [
 "block-buffer",
 "cfg-if",
 "cpufeatures",
 "digest",
 "opaque-debug",
]

[[package]]
name = "syn"
version = "1.0.109"
source = "registry+https://github.com/rust-lang/crates.io-index"
checksum = "72b64191b275b66ffe2469e8af2c1cfe3bafa67b529ead792a6d0160888b4237"
dependencies = [
 "proc-macro2",
 "quote",
 "unicode-ident",
]

[[package]]
name = "typenum"
version = "1.19.0"
source = "registry+https://github.com/rust-lang/crates.io-index"
checksum = "562d481066bde0658276a35467c4af00bdc6ee726305698a55b86e61d7ad82bb"

[[package]]
name = "unicode-ident"
version = "1.0.24"
source = "registry+https://github.com/rust-lang/crates.io-index"
checksum = "e6e4313cd5fcd3dad5cafa179702e2b244f760991f45397d14d4ebf38247da75"

[[package]]
name = "uuid"
version = "0.8.2"
source = "registry+https://github.com/rust-lang/crates.io-index"
checksum = "bc5cf98d8186244414c848017f0e2676b3fcb46807f6668a97dfe67359a3c4b7"
dependencies = [
 "getrandom",
]

[[package]]
name = "version_check"
version = "0.9.5"
source = "registry+https://github.com/rust-lang/crates.io-index"
checksum = "0b928f33d975fc6ad9f86c8f283853ad26bdd5b10b7f1542aa2fa15e2289105a"

[[package]]
name = "wasi"
version = "0.11.1+wasi-snapshot-preview1"
source = "registry+https://github.com/rust-lang/crates.io-index"
checksum = "ccf3ec651a847eb01de73ccad15eb7d99f80485de043efb2f370cd654f4ea44b"
